
Microsoft Visual Studio Solution File, Format Version 12.00
# Visual Studio 15
VisualStudioVersion = 15.0.28307.1145
MinimumVisualStudioVersion = 10.0.40219.1
Project("{8BC9CEB8-8B4A-11D0-8D11-00A0C91BC942}") = "OpenCV_MFC", "OpenCV_MFC\OpenCV_MFC.vcxproj", "{F186F7C3-65BB-4E3E-883E-3ECA35B9A0EF}"
EndProject
Global
	GlobalSection(SolutionConfigurationPlatforms) = preSolution
		Debug|x64 = Debug|x64
		Debug|x86 = Debug|x86
		Release|x64 = Release|x64
		Release|x86 = Release|x86
	EndGlobalSection
	GlobalSection(ProjectConfigurationPlatforms) = postSolution
		{F186F7C3-65BB-4E3E-883E-3ECA35B9A0EF}.Debug|x64.ActiveCfg = Debug|x64
		{F186F7C3-65BB-4E3E-883E-3ECA35B9A0EF}.Debug|x64.Build.0 = Debug|x64
		{F186F7C3-65BB-4E3E-883E-3ECA35B9A0EF}.Debug|x86.ActiveCfg = Debug|Win32
		{F186F7C3-65BB-4E3E-883E-3ECA35B9A0EF}.Debug|x86.Build.0 = Debug|Win32
		{F186F7C3-65BB-4E3E-883E-3ECA35B9A0EF}.Release|x64.ActiveCfg = Release|x64
		{F186F7C3-65BB-4E3E-883E-3ECA35B9A0EF}.Release|x64.Build.0 = Release|x64
		{F186F7C3-65BB-4E3E-883E-3ECA35B9A0EF}.Release|x86.ActiveCfg = Release|Win32
		{F186F7C3-65BB-4E3E-883E-3ECA35B9A0EF}.Release|x86.Build.0 = Release|Win32
	EndGlobalSection
	GlobalSection(SolutionProperties) = preSolution
		HideSolutionNode = FALSE
	EndGlobalSection
	GlobalSection(ExtensibilityGlobals) = postSolution
		SolutionGuid = {23CBB73D-DA83-41EA-B756-CB9BE5DD94B8}
	EndGlobalSection
EndGlobal
